{
    "_readme": [
        "This file locks the dependencies of your project to a known state",
        "Read more about it at https://getcomposer.org/doc/01-basic-usage.md#installing-dependencies",
        "This file is @generated automatically"
    ],
    "content-hash": "40bf8d9542ce504e801c81a43f464b5f",
    "packages": [
        {
            "name": "bentools/iterable-functions",
            "version": "1.x-dev",
            "source": {
                "type": "git",
                "url": "https://github.com/bpolaszek/php-iterable-functions.git",
                "reference": "b6d6b9dc90a10982ea594ed89a43e52a5bfb7dd5"
            },
            "dist": {
                "type": "zip",
                "url": "https://api.github.com/repos/bpolaszek/php-iterable-functions/zipball/b6d6b9dc90a10982ea594ed89a43e52a5bfb7dd5",
                "reference": "b6d6b9dc90a10982ea594ed89a43e52a5bfb7dd5",
                "shasum": ""
            },
            "require": {
                "php": ">=5.3"
            },
            "require-dev": {
                "phpunit/phpunit": "^4.0|^5.0|^6.0|^7.0",
                "squizlabs/php_codesniffer": "^2.0|^3.4",
                "symfony/var-dumper": "@stable"
            },
            "type": "library",
            "autoload": {
                "psr-4": {
                    "BenTools\\IterableFunctions\\": "src"
                },
                "files": [
                    "src/iterable-functions.php"
                ]
            },
            "notification-url": "https://packagist.org/downloads/",
            "license": [
                "MIT"
            ],
            "description": "Provides functions for iterable variables: is_iterable(), iterable_to_array()",
            "support": {
                "issues": "https://github.com/bpolaszek/php-iterable-functions/issues",
                "source": "https://github.com/bpolaszek/php-iterable-functions/tree/master"
            },
            "time": "2021-01-15T20:53:01+00:00"
        },
        {
            "name": "heptacom-fixture/heptaconnect-portal-a",
            "version": "dev-feature/CONNECT-26",
            "dist": {
                "type": "path",
                "url": "portal-package",
                "reference": "433f79cb4425950619395b676870b0a0a13f2414"
            },
            "require": {
                "heptacom/heptaconnect-portal-base": "@stable",
                "php": ">=7.4"
            },
            "type": "library",
            "extra": {
                "heptaconnect": {
                    "portals": [
                        "HeptacomFixture\\Portal\\A\\Portal"
                    ]
                }
            },
            "autoload": {
                "psr-4": {
                    "HeptacomFixture\\Portal\\A\\": "src/"
                }
            },
            "description": "Fixture",
            "keywords": [
                "heptaconnect-portal",
                "other-fancy-keyword"
            ],
            "transport-options": {
                "relative": true
            }
        },
        {
            "name": "heptacom-fixture/heptaconnect-portal-extension-a",
            "version": "dev-feature/CONNECT-26",
            "dist": {
                "type": "path",
                "url": "portal-package-extension",
                "reference": "42a856daa376afd6bc941233b095c4870aec376e"
            },
            "require": {
                "heptacom/heptaconnect-portal-base": "@stable",
                "php": ">=7.4"
            },
            "type": "library",
            "extra": {
                "heptaconnect": {
                    "portalExtensions": [
                        "HeptacomFixture\\Portal\\Extension\\PortalExtension"
                    ]
                }
            },
            "autoload": {
                "psr-4": {
                    "HeptacomFixture\\Portal\\Extension\\": "src/"
                }
            },
            "description": "Fixture",
            "keywords": [
                "heptaconnect-portal-extension",
                "just-a-fancy-keyword"
            ],
            "transport-options": {
                "relative": true
            }
        },
        {
            "name": "heptacom/heptaconnect-dataset-base",
            "version": "0.6.0",
            "dist": {
                "type": "path",
                "url": "../vendor/heptacom/heptaconnect-dataset-base",
                "reference": "c6c861e4f5cbc583c47159948bd7de6a142dd6f4"
            },
            "require": {
                "bentools/iterable-functions": ">=1",
                "ext-json": "*",
                "opis/closure": "^3.6",
                "php": ">=7.4"
            },
            "require-dev": {
                "dq5studios/psalm-junit": ">=2",
                "ergebnis/composer-normalize": ">=2.7",
                "friendsofphp/php-cs-fixer": ">=2.17",
                "icanhazstring/composer-unused": ">=0.7",
                "infection/infection": ">=0.21",
                "maglnet/composer-require-checker": ">=2",
                "mavimo/phpstan-junit": ">=0.3",
                "phpstan/extension-installer": ">=1",
                "phpstan/phpstan": ">=0.12",
                "phpstan/phpstan-deprecation-rules": ">=0.12",
                "phpstan/phpstan-phpunit": ">=0.12",
                "phpstan/phpstan-strict-rules": ">=0.12",
                "phpunit/phpunit": ">=9.3 <10",
                "psalm/plugin-phpunit": ">=0.10",
                "vimeo/psalm": ">=4"
            },
            "type": "library",
            "extra": {
                "unused": [
                    "bentools/iterable-functions"
                ]
            },
            "autoload": {
                "psr-4": {
                    "Heptacom\\HeptaConnect\\Dataset\\Base\\": "src/"
                }
            },
            "autoload-dev": {
                "psr-4": {
                    "Heptacom\\HeptaConnect\\Dataset\\Base\\Test\\": "test/"
                }
            },
            "license": [
                "AGPL-3.0-or-later",
                "proprietary"
            ],
            "authors": [
                {
                    "name": "HEPTACOM GmbH"
                }
            ],
            "description": "HEPTAconnect base dataset that every other dataset is based on",
            "keywords": [
                "heptaconnect-dataset"
            ],
            "support": {
                "issues": "https://github.com/HEPTACOM/heptaconnect-dataset-base/issues",
                "source": "https://github.com/HEPTACOM/heptaconnect-dataset-base",
                "docs": "https://connect.heptacom.de/",
                "rss": "https://connect.heptacom.de/feed/rss2.xml"
            },
            "transport-options": {
                "symlink": false,
                "relative": true
            }
        },
        {
            "name": "heptacom/heptaconnect-portal-base",
            "version": "0.6.0",
            "dist": {
                "type": "path",
                "url": "../vendor/heptacom/heptaconnect-portal-base",
                "reference": "aa542ed0ce3ee5c78bc573b964e150221a6c5677"
            },
            "require": {
                "bentools/iterable-functions": ">=1.4 <2",
                "ext-json": "*",
                "heptacom/heptaconnect-dataset-base": "self.version",
                "myclabs/deep-copy": ">=1.10 <2",
                "opis/closure": "^3.6",
                "php": ">=7.4",
                "php-http/discovery": "^1.0",
                "psr/container": "^1.0",
                "psr/http-factory": "^1.0",
                "psr/http-message": "^1.0",
                "psr/log": "^1.0",
                "psr/simple-cache": "^1.0",
                "symfony/options-resolver": ">=4",
                "symfony/serializer": ">=4"
            },
            "conflict": {
                "nikic/php-parser": "4.7.0"
            },
            "require-dev": {
                "dq5studios/psalm-junit": ">=2",
                "ergebnis/composer-normalize": ">=2.7",
                "friendsofphp/php-cs-fixer": ">=2.17",
                "icanhazstring/composer-unused": ">=0.7",
                "infection/infection": ">=0.21",
                "maglnet/composer-require-checker": ">=2",
                "mavimo/phpstan-junit": ">=0.3",
                "nyholm/psr7": ">=1",
                "phpstan/extension-installer": ">=1",
                "phpstan/phpstan": ">=0.12",
                "phpstan/phpstan-deprecation-rules": ">=0.12",
                "phpstan/phpstan-phpunit": ">=0.12",
                "phpstan/phpstan-strict-rules": ">=0.12",
                "phpunit/phpunit": ">=9.3 <10",
                "psalm/plugin-phpunit": ">=0.10",
                "vimeo/psalm": ">=4"
            },
            "type": "library",
            "extra": {
                "unused": [
                    "bentools/iterable-functions",
                    "psr/http-client"
                ]
            },
            "autoload": {
                "psr-4": {
                    "Heptacom\\HeptaConnect\\Portal\\Base\\": "src/"
                }
            },
            "autoload-dev": {
                "psr-4": {
                    "Heptacom\\HeptaConnect\\Portal\\Base\\Test\\": "test/"
                }
            },
            "license": [
                "AGPL-3.0-or-later",
                "proprietary"
            ],
            "authors": [
                {
                    "name": "HEPTACOM GmbH"
                }
            ],
            "description": "HEPTAconnect base dataset that every other portal is based on",
            "keywords": [
                "heptaconnect-portal"
            ],
            "support": {
                "issues": "https://github.com/HEPTACOM/heptaconnect-portal-base/issues",
                "source": "https://github.com/HEPTACOM/heptaconnect-portal-base",
                "docs": "https://connect.heptacom.de/",
                "rss": "https://connect.heptacom.de/feed/rss2.xml"
            },
            "transport-options": {
                "symlink": false,
                "relative": true
            }
        },
        {
            "name": "myclabs/deep-copy",
            "version": "1.x-dev",
            "source": {
                "type": "git",
                "url": "https://github.com/myclabs/DeepCopy.git",
                "reference": "776f831124e9c62e1a2c601ecc52e776d8bb7220"
            },
            "dist": {
                "type": "zip",
                "url": "https://api.github.com/repos/myclabs/DeepCopy/zipball/776f831124e9c62e1a2c601ecc52e776d8bb7220",
                "reference": "776f831124e9c62e1a2c601ecc52e776d8bb7220",
                "shasum": ""
            },
            "require": {
                "php": "^7.1 || ^8.0"
            },
            "replace": {
                "myclabs/deep-copy": "self.version"
            },
            "require-dev": {
                "doctrine/collections": "^1.0",
                "doctrine/common": "^2.6",
                "phpunit/phpunit": "^7.1"
            },
            "default-branch": true,
            "type": "library",
            "autoload": {
                "psr-4": {
                    "DeepCopy\\": "src/DeepCopy/"
                },
                "files": [
                    "src/DeepCopy/deep_copy.php"
                ]
            },
            "notification-url": "https://packagist.org/downloads/",
            "license": [
                "MIT"
            ],
            "description": "Create deep copies (clones) of your objects",
            "keywords": [
                "clone",
                "copy",
                "duplicate",
                "object",
                "object graph"
            ],
            "support": {
                "issues": "https://github.com/myclabs/DeepCopy/issues",
                "source": "https://github.com/myclabs/DeepCopy/tree/1.10.2"
            },
            "funding": [
                {
                    "url": "https://tidelift.com/funding/github/packagist/myclabs/deep-copy",
                    "type": "tidelift"
                }
            ],
            "time": "2020-11-13T09:40:50+00:00"
        },
        {
            "name": "opis/closure",
            "version": "dev-master",
            "source": {
                "type": "git",
                "url": "https://github.com/opis/closure.git",
                "reference": "06e2ebd25f2869e54a306dda991f7db58066f7f6"
            },
            "dist": {
                "type": "zip",
                "url": "https://api.github.com/repos/opis/closure/zipball/06e2ebd25f2869e54a306dda991f7db58066f7f6",
                "reference": "06e2ebd25f2869e54a306dda991f7db58066f7f6",
                "shasum": ""
            },
            "require": {
                "php": "^5.4 || ^7.0 || ^8.0"
            },
            "require-dev": {
                "jeremeamia/superclosure": "^2.0",
                "phpunit/phpunit": "^4.0 || ^5.0 || ^6.0 || ^7.0 || ^8.0 || ^9.0"
            },
            "default-branch": true,
            "type": "library",
            "extra": {
                "branch-alias": {
                    "dev-master": "3.6.x-dev"
                }
            },
            "autoload": {
                "psr-4": {
                    "Opis\\Closure\\": "src/"
                },
                "files": [
                    "functions.php"
                ]
            },
            "notification-url": "https://packagist.org/downloads/",
            "license": [
                "MIT"
            ],
            "authors": [
                {
                    "name": "Marius Sarca",
                    "email": "marius.sarca@gmail.com"
                },
                {
                    "name": "Sorin Sarca",
                    "email": "sarca_sorin@hotmail.com"
                }
            ],
            "description": "A library that can be used to serialize closures (anonymous functions) and arbitrary objects.",
            "homepage": "https://opis.io/closure",
            "keywords": [
                "anonymous functions",
                "closure",
                "function",
                "serializable",
                "serialization",
                "serialize"
            ],
            "support": {
                "issues": "https://github.com/opis/closure/issues",
                "source": "https://github.com/opis/closure/tree/3.6.2"
            },
            "time": "2021-04-09T13:42:10+00:00"
        },
        {
            "name": "php-http/discovery",
            "version": "1.14.0",
            "source": {
                "type": "git",
                "url": "https://github.com/php-http/discovery.git",
                "reference": "778f722e29250c1fac0bbdef2c122fa5d038c9eb"
            },
            "dist": {
                "type": "zip",
                "url": "https://api.github.com/repos/php-http/discovery/zipball/778f722e29250c1fac0bbdef2c122fa5d038c9eb",
                "reference": "778f722e29250c1fac0bbdef2c122fa5d038c9eb",
                "shasum": ""
            },
            "require": {
                "php": "^7.1 || ^8.0"
            },
            "conflict": {
                "nyholm/psr7": "<1.0"
            },
            "require-dev": {
                "graham-campbell/phpspec-skip-example-extension": "^5.0",
                "php-http/httplug": "^1.0 || ^2.0",
                "php-http/message-factory": "^1.0",
                "phpspec/phpspec": "^5.1 || ^6.1",
                "puli/composer-plugin": "1.0.0-beta10"
            },
            "suggest": {
                "php-http/message": "Allow to use Guzzle, Diactoros or Slim Framework factories"
            },
            "type": "library",
            "extra": {
                "branch-alias": {
                    "dev-master": "1.9-dev"
                }
            },
            "autoload": {
                "psr-4": {
                    "Http\\Discovery\\": "src/"
                }
            },
            "notification-url": "https://packagist.org/downloads/",
            "license": [
                "MIT"
            ],
            "authors": [
                {
                    "name": "Márk Sági-Kazár",
                    "email": "mark.sagikazar@gmail.com"
                }
            ],
            "description": "Finds installed HTTPlug implementations and PSR-7 message factories",
            "homepage": "http://php-http.org",
            "keywords": [
                "adapter",
                "client",
                "discovery",
                "factory",
                "http",
                "message",
                "psr7"
            ],
            "support": {
                "issues": "https://github.com/php-http/discovery/issues",
                "source": "https://github.com/php-http/discovery/tree/1.14.0"
            },
            "time": "2021-06-01T14:30:21+00:00"
        },
        {
            "name": "psr/container",
            "version": "1.1.x-dev",
            "source": {
                "type": "git",
                "url": "https://github.com/php-fig/container.git",
                "reference": "8622567409010282b7aeebe4bb841fe98b58dcaf"
            },
            "dist": {
                "type": "zip",
                "url": "https://api.github.com/repos/php-fig/container/zipball/8622567409010282b7aeebe4bb841fe98b58dcaf",
                "reference": "8622567409010282b7aeebe4bb841fe98b58dcaf",
                "shasum": ""
            },
            "require": {
                "php": ">=7.2.0"
            },
            "type": "library",
            "autoload": {
                "psr-4": {
                    "Psr\\Container\\": "src/"
                }
            },
            "notification-url": "https://packagist.org/downloads/",
            "license": [
                "MIT"
            ],
            "authors": [
                {
                    "name": "PHP-FIG",
                    "homepage": "https://www.php-fig.org/"
                }
            ],
            "description": "Common Container Interface (PHP FIG PSR-11)",
            "homepage": "https://github.com/php-fig/container",
            "keywords": [
                "PSR-11",
                "container",
                "container-interface",
                "container-interop",
                "psr"
            ],
            "support": {
                "issues": "https://github.com/php-fig/container/issues",
                "source": "https://github.com/php-fig/container/tree/1.1.x"
            },
            "time": "2021-03-05T17:36:06+00:00"
        },
        {
            "name": "psr/http-factory",
            "version": "dev-master",
            "source": {
                "type": "git",
                "url": "https://github.com/php-fig/http-factory.git",
                "reference": "36fa03d50ff82abcae81860bdaf4ed9a1510c7cd"
            },
            "dist": {
                "type": "zip",
                "url": "https://api.github.com/repos/php-fig/http-factory/zipball/36fa03d50ff82abcae81860bdaf4ed9a1510c7cd",
                "reference": "36fa03d50ff82abcae81860bdaf4ed9a1510c7cd",
                "shasum": ""
            },
            "require": {
                "php": ">=7.0.0",
                "psr/http-message": "^1.0"
            },
            "default-branch": true,
            "type": "library",
            "extra": {
                "branch-alias": {
                    "dev-master": "1.0.x-dev"
                }
            },
            "autoload": {
                "psr-4": {
                    "Psr\\Http\\Message\\": "src/"
                }
            },
            "notification-url": "https://packagist.org/downloads/",
            "license": [
                "MIT"
            ],
            "authors": [
                {
                    "name": "PHP-FIG",
                    "homepage": "https://www.php-fig.org/"
                }
            ],
            "description": "Common interfaces for PSR-7 HTTP message factories",
            "keywords": [
                "factory",
                "http",
                "message",
                "psr",
                "psr-17",
                "psr-7",
                "request",
                "response"
            ],
            "support": {
                "source": "https://github.com/php-fig/http-factory/tree/master"
            },
            "time": "2020-09-17T16:52:55+00:00"
        },
        {
            "name": "psr/http-message",
            "version": "dev-master",
            "source": {
                "type": "git",
                "url": "https://github.com/php-fig/http-message.git",
                "reference": "efd67d1dc14a7ef4fc4e518e7dee91c271d524e4"
            },
            "dist": {
                "type": "zip",
                "url": "https://api.github.com/repos/php-fig/http-message/zipball/efd67d1dc14a7ef4fc4e518e7dee91c271d524e4",
                "reference": "efd67d1dc14a7ef4fc4e518e7dee91c271d524e4",
                "shasum": ""
            },
            "require": {
                "php": ">=5.3.0"
            },
            "default-branch": true,
            "type": "library",
            "extra": {
                "branch-alias": {
                    "dev-master": "1.0.x-dev"
                }
            },
            "autoload": {
                "psr-4": {
                    "Psr\\Http\\Message\\": "src/"
                }
            },
            "notification-url": "https://packagist.org/downloads/",
            "license": [
                "MIT"
            ],
            "authors": [
                {
                    "name": "PHP-FIG",
                    "homepage": "http://www.php-fig.org/"
                }
            ],
            "description": "Common interface for HTTP messages",
            "homepage": "https://github.com/php-fig/http-message",
            "keywords": [
                "http",
                "http-message",
                "psr",
                "psr-7",
                "request",
                "response"
            ],
            "support": {
                "source": "https://github.com/php-fig/http-message/tree/master"
            },
            "time": "2019-08-29T13:16:46+00:00"
        },
        {
            "name": "psr/log",
            "version": "1.1.4",
            "source": {
                "type": "git",
                "url": "https://github.com/php-fig/log.git",
                "reference": "d49695b909c3b7628b6289db5479a1c204601f11"
            },
            "dist": {
                "type": "zip",
                "url": "https://api.github.com/repos/php-fig/log/zipball/d49695b909c3b7628b6289db5479a1c204601f11",
                "reference": "d49695b909c3b7628b6289db5479a1c204601f11",
                "shasum": ""
            },
            "require": {
                "php": ">=5.3.0"
            },
            "type": "library",
            "extra": {
                "branch-alias": {
                    "dev-master": "1.1.x-dev"
                }
            },
            "autoload": {
                "psr-4": {
                    "Psr\\Log\\": "Psr/Log/"
                }
            },
            "notification-url": "https://packagist.org/downloads/",
            "license": [
                "MIT"
            ],
            "authors": [
                {
                    "name": "PHP-FIG",
                    "homepage": "https://www.php-fig.org/"
                }
            ],
            "description": "Common interface for logging libraries",
            "homepage": "https://github.com/php-fig/log",
            "keywords": [
                "log",
                "psr",
                "psr-3"
            ],
            "support": {
                "source": "https://github.com/php-fig/log/tree/1.1.4"
            },
            "time": "2021-05-03T11:20:27+00:00"
        },
        {
            "name": "psr/simple-cache",
            "version": "dev-master",
            "source": {
                "type": "git",
                "url": "https://github.com/php-fig/simple-cache.git",
                "reference": "5a7b96b1dda5d957e01bc1bfe77dcca09c5a7474"
            },
            "dist": {
                "type": "zip",
                "url": "https://api.github.com/repos/php-fig/simple-cache/zipball/5a7b96b1dda5d957e01bc1bfe77dcca09c5a7474",
                "reference": "5a7b96b1dda5d957e01bc1bfe77dcca09c5a7474",
                "shasum": ""
            },
            "require": {
                "php": ">=5.3.0"
            },
            "default-branch": true,
            "type": "library",
            "extra": {
                "branch-alias": {
                    "dev-master": "1.0.x-dev"
                }
            },
            "autoload": {
                "psr-4": {
                    "Psr\\SimpleCache\\": "src/"
                }
            },
            "notification-url": "https://packagist.org/downloads/",
            "license": [
                "MIT"
            ],
            "authors": [
                {
                    "name": "PHP-FIG",
                    "homepage": "http://www.php-fig.org/"
                }
            ],
            "description": "Common interfaces for simple caching",
            "keywords": [
                "cache",
                "caching",
                "psr",
                "psr-16",
                "simple-cache"
            ],
            "support": {
                "source": "https://github.com/php-fig/simple-cache/tree/master"
            },
            "time": "2020-04-21T06:43:17+00:00"
        },
        {
            "name": "symfony/deprecation-contracts",
            "version": "dev-main",
            "source": {
                "type": "git",
                "url": "https://github.com/symfony/deprecation-contracts.git",
                "reference": "6f981ee24cf69ee7ce9736146d1c57c2780598a8"
            },
            "dist": {
                "type": "zip",
                "url": "https://api.github.com/repos/symfony/deprecation-contracts/zipball/6f981ee24cf69ee7ce9736146d1c57c2780598a8",
                "reference": "6f981ee24cf69ee7ce9736146d1c57c2780598a8",
                "shasum": ""
            },
            "require": {
                "php": ">=7.1"
            },
            "default-branch": true,
            "type": "library",
            "extra": {
                "branch-alias": {
                    "dev-main": "2.5-dev"
                },
                "thanks": {
                    "name": "symfony/contracts",
                    "url": "https://github.com/symfony/contracts"
                }
            },
            "autoload": {
                "files": [
                    "function.php"
                ]
            },
            "notification-url": "https://packagist.org/downloads/",
            "license": [
                "MIT"
            ],
            "authors": [
                {
                    "name": "Nicolas Grekas",
                    "email": "p@tchwork.com"
                },
                {
                    "name": "Symfony Community",
                    "homepage": "https://symfony.com/contributors"
                }
            ],
            "description": "A generic function and convention to trigger deprecation notices",
            "homepage": "https://symfony.com",
            "support": {
                "source": "https://github.com/symfony/deprecation-contracts/tree/main"
            },
            "funding": [
                {
                    "url": "https://symfony.com/sponsor",
                    "type": "custom"
                },
                {
                    "url": "https://github.com/fabpot",
                    "type": "github"
                },
                {
                    "url": "https://tidelift.com/funding/github/packagist/symfony/symfony",
                    "type": "tidelift"
                }
            ],
            "time": "2021-07-12T14:48:14+00:00"
        },
        {
            "name": "symfony/options-resolver",
            "version": "5.4.x-dev",
            "source": {
                "type": "git",
                "url": "https://github.com/symfony/options-resolver.git",
                "reference": "cd63dbab0428a47f8576e4e58148aeae2e32e91c"
            },
            "dist": {
                "type": "zip",
                "url": "https://api.github.com/repos/symfony/options-resolver/zipball/cd63dbab0428a47f8576e4e58148aeae2e32e91c",
                "reference": "cd63dbab0428a47f8576e4e58148aeae2e32e91c",
                "shasum": ""
            },
            "require": {
                "php": ">=7.2.5",
                "symfony/deprecation-contracts": "^2.1",
                "symfony/polyfill-php73": "~1.0",
                "symfony/polyfill-php80": "^1.16"
            },
            "type": "library",
            "autoload": {
                "psr-4": {
                    "Symfony\\Component\\OptionsResolver\\": ""
                },
                "exclude-from-classmap": [
                    "/Tests/"
                ]
            },
            "notification-url": "https://packagist.org/downloads/",
            "license": [
                "MIT"
            ],
            "authors": [
                {
                    "name": "Fabien Potencier",
                    "email": "fabien@symfony.com"
                },
                {
                    "name": "Symfony Community",
                    "homepage": "https://symfony.com/contributors"
                }
            ],
            "description": "Provides an improved replacement for the array_replace PHP function",
            "homepage": "https://symfony.com",
            "keywords": [
                "config",
                "configuration",
                "options"
            ],
            "support": {
                "source": "https://github.com/symfony/options-resolver/tree/5.4"
            },
            "funding": [
                {
                    "url": "https://symfony.com/sponsor",
                    "type": "custom"
                },
                {
                    "url": "https://github.com/fabpot",
                    "type": "github"
                },
                {
                    "url": "https://tidelift.com/funding/github/packagist/symfony/symfony",
                    "type": "tidelift"
                }
            ],
            "time": "2021-09-09T08:06:01+00:00"
        },
        {
            "name": "symfony/polyfill-ctype",
            "version": "dev-main",
            "source": {
                "type": "git",
                "url": "https://github.com/symfony/polyfill-ctype.git",
                "reference": "46cd95797e9df938fdd2b03693b5fca5e64b01ce"
            },
            "dist": {
                "type": "zip",
                "url": "https://api.github.com/repos/symfony/polyfill-ctype/zipball/46cd95797e9df938fdd2b03693b5fca5e64b01ce",
                "reference": "46cd95797e9df938fdd2b03693b5fca5e64b01ce",
                "shasum": ""
            },
            "require": {
                "php": ">=7.1"
            },
            "suggest": {
                "ext-ctype": "For best performance"
            },
            "default-branch": true,
            "type": "library",
            "extra": {
                "branch-alias": {
                    "dev-main": "1.23-dev"
                },
                "thanks": {
                    "name": "symfony/polyfill",
                    "url": "https://github.com/symfony/polyfill"
                }
            },
            "autoload": {
                "psr-4": {
                    "Symfony\\Polyfill\\Ctype\\": ""
                },
                "files": [
                    "bootstrap.php"
                ]
            },
            "notification-url": "https://packagist.org/downloads/",
            "license": [
                "MIT"
            ],
            "authors": [
                {
                    "name": "Gert de Pagter",
                    "email": "BackEndTea@gmail.com"
                },
                {
                    "name": "Symfony Community",
                    "homepage": "https://symfony.com/contributors"
                }
            ],
            "description": "Symfony polyfill for ctype functions",
            "homepage": "https://symfony.com",
            "keywords": [
                "compatibility",
                "ctype",
                "polyfill",
                "portable"
            ],
            "support": {
                "source": "https://github.com/symfony/polyfill-ctype/tree/v1.23.0"
            },
            "funding": [
                {
                    "url": "https://symfony.com/sponsor",
                    "type": "custom"
                },
                {
                    "url": "https://github.com/fabpot",
                    "type": "github"
                },
                {
                    "url": "https://tidelift.com/funding/github/packagist/symfony/symfony",
                    "type": "tidelift"
                }
            ],
            "time": "2021-02-19T12:13:01+00:00"
        },
        {
            "name": "symfony/polyfill-php73",
            "version": "dev-main",
            "source": {
                "type": "git",
                "url": "https://github.com/symfony/polyfill-php73.git",
                "reference": "fba8933c384d6476ab14fb7b8526e5287ca7e010"
            },
            "dist": {
                "type": "zip",
                "url": "https://api.github.com/repos/symfony/polyfill-php73/zipball/fba8933c384d6476ab14fb7b8526e5287ca7e010",
                "reference": "fba8933c384d6476ab14fb7b8526e5287ca7e010",
                "shasum": ""
            },
            "require": {
                "php": ">=7.1"
            },
            "default-branch": true,
            "type": "library",
            "extra": {
                "branch-alias": {
                    "dev-main": "1.23-dev"
                },
                "thanks": {
                    "name": "symfony/polyfill",
                    "url": "https://github.com/symfony/polyfill"
                }
            },
            "autoload": {
                "psr-4": {
                    "Symfony\\Polyfill\\Php73\\": ""
                },
                "files": [
                    "bootstrap.php"
                ],
                "classmap": [
                    "Resources/stubs"
                ]
            },
            "notification-url": "https://packagist.org/downloads/",
            "license": [
                "MIT"
            ],
            "authors": [
                {
                    "name": "Nicolas Grekas",
                    "email": "p@tchwork.com"
                },
                {
                    "name": "Symfony Community",
                    "homepage": "https://symfony.com/contributors"
                }
            ],
            "description": "Symfony polyfill backporting some PHP 7.3+ features to lower PHP versions",
            "homepage": "https://symfony.com",
            "keywords": [
                "compatibility",
                "polyfill",
                "portable",
                "shim"
            ],
            "support": {
                "source": "https://github.com/symfony/polyfill-php73/tree/v1.23.0"
            },
            "funding": [
                {
                    "url": "https://symfony.com/sponsor",
                    "type": "custom"
                },
                {
                    "url": "https://github.com/fabpot",
                    "type": "github"
                },
                {
                    "url": "https://tidelift.com/funding/github/packagist/symfony/symfony",
                    "type": "tidelift"
                }
            ],
            "time": "2021-02-19T12:13:01+00:00"
        },
        {
            "name": "symfony/polyfill-php80",
            "version": "dev-main",
            "source": {
                "type": "git",
                "url": "https://github.com/symfony/polyfill-php80.git",
                "reference": "1100343ed1a92e3a38f9ae122fc0eb21602547be"
            },
            "dist": {
                "type": "zip",
                "url": "https://api.github.com/repos/symfony/polyfill-php80/zipball/1100343ed1a92e3a38f9ae122fc0eb21602547be",
                "reference": "1100343ed1a92e3a38f9ae122fc0eb21602547be",
                "shasum": ""
            },
            "require": {
                "php": ">=7.1"
            },
            "default-branch": true,
            "type": "library",
            "extra": {
                "branch-alias": {
                    "dev-main": "1.23-dev"
                },
                "thanks": {
                    "name": "symfony/polyfill",
                    "url": "https://github.com/symfony/polyfill"
                }
            },
            "autoload": {
                "psr-4": {
                    "Symfony\\Polyfill\\Php80\\": ""
                },
                "files": [
                    "bootstrap.php"
                ],
                "classmap": [
                    "Resources/stubs"
                ]
            },
            "notification-url": "https://packagist.org/downloads/",
            "license": [
                "MIT"
            ],
            "authors": [
                {
                    "name": "Ion Bazan",
                    "email": "ion.bazan@gmail.com"
                },
                {
                    "name": "Nicolas Grekas",
                    "email": "p@tchwork.com"
                },
                {
                    "name": "Symfony Community",
                    "homepage": "https://symfony.com/contributors"
                }
            ],
            "description": "Symfony polyfill backporting some PHP 8.0+ features to lower PHP versions",
            "homepage": "https://symfony.com",
            "keywords": [
                "compatibility",
                "polyfill",
                "portable",
                "shim"
            ],
            "support": {
                "source": "https://github.com/symfony/polyfill-php80/tree/v1.23.1"
            },
            "funding": [
                {
                    "url": "https://symfony.com/sponsor",
                    "type": "custom"
                },
                {
                    "url": "https://github.com/fabpot",
                    "type": "github"
                },
                {
                    "url": "https://tidelift.com/funding/github/packagist/symfony/symfony",
                    "type": "tidelift"
                }
            ],
            "time": "2021-07-28T13:41:28+00:00"
        },
        {
            "name": "symfony/serializer",
            "version": "5.4.x-dev",
            "source": {
                "type": "git",
                "url": "https://github.com/symfony/serializer.git",
                "reference": "8a0585c57a56d5bb6c7362319a19fb5b9c587105"
            },
            "dist": {
                "type": "zip",
                "url": "https://api.github.com/repos/symfony/serializer/zipball/8a0585c57a56d5bb6c7362319a19fb5b9c587105",
                "reference": "8a0585c57a56d5bb6c7362319a19fb5b9c587105",
                "shasum": ""
            },
            "require": {
                "php": ">=7.2.5",
                "symfony/deprecation-contracts": "^2.1",
                "symfony/polyfill-ctype": "~1.8",
                "symfony/polyfill-php80": "^1.16"
            },
            "conflict": {
                "doctrine/annotations": "<1.12",
                "phpdocumentor/reflection-docblock": "<3.2.2",
                "phpdocumentor/type-resolver": "<1.4.0",
                "symfony/dependency-injection": "<4.4",
                "symfony/property-access": "<5.1",
                "symfony/property-info": "<5.3",
                "symfony/yaml": "<4.4"
            },
            "require-dev": {
                "doctrine/annotations": "^1.12",
                "phpdocumentor/reflection-docblock": "^3.2|^4.0|^5.0",
                "symfony/cache": "^4.4|^5.0|^6.0",
                "symfony/config": "^4.4|^5.0|^6.0",
                "symfony/dependency-injection": "^4.4|^5.0|^6.0",
                "symfony/error-handler": "^4.4|^5.0|^6.0",
                "symfony/filesystem": "^4.4|^5.0|^6.0",
                "symfony/form": "^4.4|^5.0|^6.0",
                "symfony/http-foundation": "^4.4|^5.0|^6.0",
                "symfony/http-kernel": "^4.4|^5.0|^6.0",
                "symfony/mime": "^4.4|^5.0|^6.0",
                "symfony/property-access": "^5.1|^6.0",
                "symfony/property-info": "^5.3|^6.0",
                "symfony/uid": "^5.1|^6.0",
                "symfony/validator": "^4.4|^5.0|^6.0",
                "symfony/var-dumper": "^4.4|^5.0|^6.0",
                "symfony/var-exporter": "^4.4|^5.0|^6.0",
                "symfony/yaml": "^4.4|^5.0|^6.0"
            },
            "suggest": {
                "psr/cache-implementation": "For using the metadata cache.",
                "symfony/config": "For using the XML mapping loader.",
                "symfony/mime": "For using a MIME type guesser within the DataUriNormalizer.",
                "symfony/property-access": "For using the ObjectNormalizer.",
                "symfony/property-info": "To deserialize relations.",
                "symfony/var-exporter": "For using the metadata compiler.",
                "symfony/yaml": "For using the default YAML mapping loader."
            },
            "type": "library",
            "autoload": {
                "psr-4": {
                    "Symfony\\Component\\Serializer\\": ""
                },
                "exclude-from-classmap": [
                    "/Tests/"
                ]
            },
            "notification-url": "https://packagist.org/downloads/",
            "license": [
                "MIT"
            ],
            "authors": [
                {
                    "name": "Fabien Potencier",
                    "email": "fabien@symfony.com"
                },
                {
                    "name": "Symfony Community",
                    "homepage": "https://symfony.com/contributors"
                }
            ],
            "description": "Handles serializing and deserializing data structures, including object graphs, into array structures or other formats like XML and JSON.",
            "homepage": "https://symfony.com",
            "support": {
                "source": "https://github.com/symfony/serializer/tree/5.4"
            },
            "funding": [
                {
                    "url": "https://symfony.com/sponsor",
                    "type": "custom"
                },
                {
                    "url": "https://github.com/fabpot",
                    "type": "github"
                },
                {
                    "url": "https://tidelift.com/funding/github/packagist/symfony/symfony",
                    "type": "tidelift"
                }
            ],
            "time": "2021-09-10T07:19:42+00:00"
        }
    ],
    "packages-dev": [],
    "aliases": [],
    "minimum-stability": "dev",
    "stability-flags": {
        "heptacom-fixture/heptaconnect-portal-a": 20,
        "heptacom-fixture/heptaconnect-portal-extension-a": 20
    },
    "prefer-stable": false,
    "prefer-lowest": false,
    "platform": {
        "php": ">=7.4"
    },
    "platform-dev": [],
    "plugin-api-version": "2.1.0"
}
