{
    "_readme": [
        "This file locks the dependencies of your project to a known state",
        "Read more about it at https://getcomposer.org/doc/01-basic-usage.md#installing-dependencies",
        "This file is @generated automatically"
    ],
    "content-hash": "9fa7a7d871200c3bd7d0a548fcf184e0",
    "packages": [
        {
            "name": "bentools/iterable-functions",
            "version": "dev-master",
            "source": {
                "type": "git",
                "url": "https://github.com/bpolaszek/php-iterable-functions.git",
                "reference": "ea52a3d06acc5841426e4dc041d05e8650d00de2"
            },
            "dist": {
                "type": "zip",
                "url": "https://api.github.com/repos/bpolaszek/php-iterable-functions/zipball/ea52a3d06acc5841426e4dc041d05e8650d00de2",
                "reference": "ea52a3d06acc5841426e4dc041d05e8650d00de2",
                "shasum": ""
            },
            "require": {
                "php": ">=5.3"
            },
            "require-dev": {
                "phpunit/phpunit": "^4.0|^5.0|^6.0|^7.0",
                "squizlabs/php_codesniffer": "^2.0|^3.4",
                "symfony/var-dumper": "@stable"
            },
            "default-branch": true,
            "type": "library",
            "autoload": {
                "psr-4": {
                    "BenTools\\IterableFunctions\\": "src"
                },
                "files": [
                    "src/iterable-functions.php"
                ]
            },
            "notification-url": "https://packagist.org/downloads/",
            "license": [
                "MIT"
            ],
            "description": "Provides functions for iterable variables: is_iterable(), iterable_to_array()",
            "support": {
                "issues": "https://github.com/bpolaszek/php-iterable-functions/issues",
                "source": "https://github.com/bpolaszek/php-iterable-functions/tree/master"
            },
            "time": "2020-05-01T07:50:30+00:00"
        },
        {
            "name": "heptacom-fixture/heptaconnect-portal-a",
            "version": "dev-master",
            "dist": {
                "type": "path",
                "url": "portal-package",
                "reference": "433f79cb4425950619395b676870b0a0a13f2414"
            },
            "require": {
                "heptacom/heptaconnect-portal-base": "@stable",
                "php": ">=7.4"
            },
            "type": "library",
            "extra": {
                "heptaconnect": {
                    "portals": [
                        "HeptacomFixture\\Portal\\A\\Portal"
                    ]
                }
            },
            "autoload": {
                "psr-4": {
                    "HeptacomFixture\\Portal\\A\\": "src/"
                }
            },
            "description": "Fixture",
            "keywords": [
                "heptaconnect-portal",
                "other-fancy-keyword"
            ],
            "transport-options": {
                "relative": true
            }
        },
        {
            "name": "heptacom-fixture/heptaconnect-portal-extension-a",
            "version": "dev-master",
            "dist": {
                "type": "path",
                "url": "portal-package-extension",
                "reference": "42a856daa376afd6bc941233b095c4870aec376e"
            },
            "require": {
                "heptacom/heptaconnect-portal-base": "@stable",
                "php": ">=7.4"
            },
            "type": "library",
            "extra": {
                "heptaconnect": {
                    "portalExtensions": [
                        "HeptacomFixture\\Portal\\Extension\\PortalExtension"
                    ]
                }
            },
            "autoload": {
                "psr-4": {
                    "HeptacomFixture\\Portal\\Extension\\": "src/"
                }
            },
            "description": "Fixture",
            "keywords": [
                "heptaconnect-portal-extension",
                "just-a-fancy-keyword"
            ],
            "transport-options": {
                "relative": true
            }
        },
        {
            "name": "heptacom/heptaconnect-dataset-base",
            "version": "0.0.1",
            "dist": {
                "type": "path",
                "url": "../vendor/heptacom/heptaconnect-dataset-base",
                "reference": "ca0348e13947227f26378a6d825168adc1ac2d8e"
            },
            "require": {
                "bentools/iterable-functions": ">=1",
                "ext-json": "*",
                "php": ">=7.4"
            },
            "require-dev": {
                "ergebnis/composer-normalize": ">=2.7",
                "friendsofphp/php-cs-fixer": ">=2",
                "icanhazstring/composer-unused": ">=0.7",
                "infection/infection": ">=0.15",
                "maglnet/composer-require-checker": ">=2",
                "phpstan/extension-installer": ">=1",
                "phpstan/phpstan": ">=0.12",
                "phpstan/phpstan-deprecation-rules": ">=0.12",
                "phpstan/phpstan-phpunit": ">=0.12",
                "phpstan/phpstan-strict-rules": ">=0.12",
                "phpunit/phpunit": ">=9.3 <10",
                "psalm/plugin-phpunit": ">=0.10",
                "vimeo/psalm": ">=4"
            },
            "type": "library",
            "extra": {
                "unused": [
                    "bentools/iterable-functions"
                ]
            },
            "autoload": {
                "psr-4": {
                    "Heptacom\\HeptaConnect\\Dataset\\Base\\": "src/"
                }
            },
            "autoload-dev": {
                "psr-4": {
                    "Heptacom\\HeptaConnect\\Dataset\\Base\\Test\\": "test/"
                }
            },
            "license": [
                "AGPL-3.0-or-later",
                "proprietary"
            ],
            "authors": [
                {
                    "name": "HEPTACOM GmbH"
                }
            ],
            "description": "HEPTAconnect base dataset that every other dataset is based on",
            "keywords": [
                "heptaconnect-dataset"
            ],
            "transport-options": {
                "relative": true
            }
        },
        {
            "name": "heptacom/heptaconnect-portal-base",
            "version": "0.0.1",
            "dist": {
                "type": "path",
                "url": "../vendor/heptacom/heptaconnect-portal-base",
                "reference": "9e1abe678b713b527c8a954dbe5deb6afac94af1"
            },
            "require": {
                "bentools/iterable-functions": ">=1.4",
                "ext-json": "*",
                "heptacom/heptaconnect-dataset-base": ">=0.0.1",
                "php": ">=7.4",
                "php-http/discovery": "^1.0",
                "psr/http-factory": "^1.0",
                "psr/http-message": "^1.0",
                "symfony/options-resolver": ">=4",
                "symfony/serializer": ">=4"
            },
            "conflict": {
                "nikic/php-parser": "4.7.0"
            },
            "require-dev": {
                "ergebnis/composer-normalize": ">=2.7",
                "friendsofphp/php-cs-fixer": ">=2",
                "icanhazstring/composer-unused": ">=0.7",
                "infection/infection": ">=0.15",
                "maglnet/composer-require-checker": ">=2",
                "nyholm/psr7": ">=1",
                "phpstan/extension-installer": ">=1",
                "phpstan/phpstan": ">=0.12",
                "phpstan/phpstan-deprecation-rules": ">=0.12",
                "phpstan/phpstan-phpunit": ">=0.12",
                "phpstan/phpstan-strict-rules": ">=0.12",
                "phpunit/phpunit": ">=9.3 <10",
                "psalm/plugin-phpunit": ">=0.10",
                "vimeo/psalm": ">=4"
            },
            "type": "library",
            "extra": {
                "unused": [
                    "bentools/iterable-functions",
                    "psr/http-client"
                ]
            },
            "autoload": {
                "psr-4": {
                    "Heptacom\\HeptaConnect\\Portal\\Base\\": "src/"
                }
            },
            "autoload-dev": {
                "psr-4": {
                    "Heptacom\\HeptaConnect\\Portal\\Base\\Test\\": "test/"
                }
            },
            "license": [
                "AGPL-3.0-or-later",
                "proprietary"
            ],
            "authors": [
                {
                    "name": "HEPTACOM GmbH"
                }
            ],
            "description": "HEPTAconnect base dataset that every other portal is based on",
            "keywords": [
                "heptaconnect-portal"
            ],
            "transport-options": {
                "relative": true
            }
        },
        {
            "name": "php-http/discovery",
            "version": "1.13.0",
            "source": {
                "type": "git",
                "url": "https://github.com/php-http/discovery.git",
                "reference": "788f72d64c43dc361e7fcc7464c3d947c64984a7"
            },
            "dist": {
                "type": "zip",
                "url": "https://api.github.com/repos/php-http/discovery/zipball/788f72d64c43dc361e7fcc7464c3d947c64984a7",
                "reference": "788f72d64c43dc361e7fcc7464c3d947c64984a7",
                "shasum": ""
            },
            "require": {
                "php": "^7.1 || ^8.0"
            },
            "conflict": {
                "nyholm/psr7": "<1.0"
            },
            "require-dev": {
                "graham-campbell/phpspec-skip-example-extension": "^5.0",
                "php-http/httplug": "^1.0 || ^2.0",
                "php-http/message-factory": "^1.0",
                "phpspec/phpspec": "^5.1 || ^6.1",
                "puli/composer-plugin": "1.0.0-beta10"
            },
            "suggest": {
                "php-http/message": "Allow to use Guzzle, Diactoros or Slim Framework factories",
                "puli/composer-plugin": "Sets up Puli which is recommended for Discovery to work. Check http://docs.php-http.org/en/latest/discovery.html for more details."
            },
            "type": "library",
            "extra": {
                "branch-alias": {
                    "dev-master": "1.9-dev"
                }
            },
            "autoload": {
                "psr-4": {
                    "Http\\Discovery\\": "src/"
                }
            },
            "notification-url": "https://packagist.org/downloads/",
            "license": [
                "MIT"
            ],
            "authors": [
                {
                    "name": "Márk Sági-Kazár",
                    "email": "mark.sagikazar@gmail.com"
                }
            ],
            "description": "Finds installed HTTPlug implementations and PSR-7 message factories",
            "homepage": "http://php-http.org",
            "keywords": [
                "adapter",
                "client",
                "discovery",
                "factory",
                "http",
                "message",
                "psr7"
            ],
            "support": {
                "issues": "https://github.com/php-http/discovery/issues",
                "source": "https://github.com/php-http/discovery/tree/1.13.0"
            },
            "time": "2020-11-27T14:49:42+00:00"
        },
        {
            "name": "psr/http-factory",
            "version": "dev-master",
            "source": {
                "type": "git",
                "url": "https://github.com/php-fig/http-factory.git",
                "reference": "36fa03d50ff82abcae81860bdaf4ed9a1510c7cd"
            },
            "dist": {
                "type": "zip",
                "url": "https://api.github.com/repos/php-fig/http-factory/zipball/36fa03d50ff82abcae81860bdaf4ed9a1510c7cd",
                "reference": "36fa03d50ff82abcae81860bdaf4ed9a1510c7cd",
                "shasum": ""
            },
            "require": {
                "php": ">=7.0.0",
                "psr/http-message": "^1.0"
            },
            "default-branch": true,
            "type": "library",
            "extra": {
                "branch-alias": {
                    "dev-master": "1.0.x-dev"
                }
            },
            "autoload": {
                "psr-4": {
                    "Psr\\Http\\Message\\": "src/"
                }
            },
            "notification-url": "https://packagist.org/downloads/",
            "license": [
                "MIT"
            ],
            "authors": [
                {
                    "name": "PHP-FIG",
                    "homepage": "https://www.php-fig.org/"
                }
            ],
            "description": "Common interfaces for PSR-7 HTTP message factories",
            "keywords": [
                "factory",
                "http",
                "message",
                "psr",
                "psr-17",
                "psr-7",
                "request",
                "response"
            ],
            "support": {
                "source": "https://github.com/php-fig/http-factory/tree/master"
            },
            "time": "2020-09-17T16:52:55+00:00"
        },
        {
            "name": "psr/http-message",
            "version": "dev-master",
            "source": {
                "type": "git",
                "url": "https://github.com/php-fig/http-message.git",
                "reference": "efd67d1dc14a7ef4fc4e518e7dee91c271d524e4"
            },
            "dist": {
                "type": "zip",
                "url": "https://api.github.com/repos/php-fig/http-message/zipball/efd67d1dc14a7ef4fc4e518e7dee91c271d524e4",
                "reference": "efd67d1dc14a7ef4fc4e518e7dee91c271d524e4",
                "shasum": ""
            },
            "require": {
                "php": ">=5.3.0"
            },
            "default-branch": true,
            "type": "library",
            "extra": {
                "branch-alias": {
                    "dev-master": "1.0.x-dev"
                }
            },
            "autoload": {
                "psr-4": {
                    "Psr\\Http\\Message\\": "src/"
                }
            },
            "notification-url": "https://packagist.org/downloads/",
            "license": [
                "MIT"
            ],
            "authors": [
                {
                    "name": "PHP-FIG",
                    "homepage": "http://www.php-fig.org/"
                }
            ],
            "description": "Common interface for HTTP messages",
            "homepage": "https://github.com/php-fig/http-message",
            "keywords": [
                "http",
                "http-message",
                "psr",
                "psr-7",
                "request",
                "response"
            ],
            "support": {
                "source": "https://github.com/php-fig/http-message/tree/master"
            },
            "time": "2019-08-29T13:16:46+00:00"
        },
        {
            "name": "symfony/deprecation-contracts",
            "version": "dev-main",
            "source": {
                "type": "git",
                "url": "https://github.com/symfony/deprecation-contracts.git",
                "reference": "be5a36670fd7ccb6f6e03d9c9bd7345e2a9a8515"
            },
            "dist": {
                "type": "zip",
                "url": "https://api.github.com/repos/symfony/deprecation-contracts/zipball/be5a36670fd7ccb6f6e03d9c9bd7345e2a9a8515",
                "reference": "be5a36670fd7ccb6f6e03d9c9bd7345e2a9a8515",
                "shasum": ""
            },
            "require": {
                "php": ">=7.1"
            },
            "default-branch": true,
            "type": "library",
            "extra": {
                "branch-version": "2.3",
                "branch-alias": {
                    "dev-main": "2.3-dev"
                },
                "thanks": {
                    "name": "symfony/contracts",
                    "url": "https://github.com/symfony/contracts"
                }
            },
            "autoload": {
                "files": [
                    "function.php"
                ]
            },
            "notification-url": "https://packagist.org/downloads/",
            "license": [
                "MIT"
            ],
            "authors": [
                {
                    "name": "Nicolas Grekas",
                    "email": "p@tchwork.com"
                },
                {
                    "name": "Symfony Community",
                    "homepage": "https://symfony.com/contributors"
                }
            ],
            "description": "A generic function and convention to trigger deprecation notices",
            "homepage": "https://symfony.com",
            "support": {
                "source": "https://github.com/symfony/deprecation-contracts/tree/main"
            },
            "funding": [
                {
                    "url": "https://symfony.com/sponsor",
                    "type": "custom"
                },
                {
                    "url": "https://github.com/fabpot",
                    "type": "github"
                },
                {
                    "url": "https://tidelift.com/funding/github/packagist/symfony/symfony",
                    "type": "tidelift"
                }
            ],
            "time": "2020-10-14T17:08:19+00:00"
        },
        {
            "name": "symfony/options-resolver",
            "version": "5.x-dev",
            "source": {
                "type": "git",
                "url": "https://github.com/symfony/options-resolver.git",
                "reference": "87a2a4a766244e796dd9cb9d6f58c123358cd986"
            },
            "dist": {
                "type": "zip",
                "url": "https://api.github.com/repos/symfony/options-resolver/zipball/87a2a4a766244e796dd9cb9d6f58c123358cd986",
                "reference": "87a2a4a766244e796dd9cb9d6f58c123358cd986",
                "shasum": ""
            },
            "require": {
                "php": ">=7.2.5",
                "symfony/deprecation-contracts": "^2.1",
                "symfony/polyfill-php73": "~1.0",
                "symfony/polyfill-php80": "^1.15"
            },
            "default-branch": true,
            "type": "library",
            "autoload": {
                "psr-4": {
                    "Symfony\\Component\\OptionsResolver\\": ""
                },
                "exclude-from-classmap": [
                    "/Tests/"
                ]
            },
            "notification-url": "https://packagist.org/downloads/",
            "license": [
                "MIT"
            ],
            "authors": [
                {
                    "name": "Fabien Potencier",
                    "email": "fabien@symfony.com"
                },
                {
                    "name": "Symfony Community",
                    "homepage": "https://symfony.com/contributors"
                }
            ],
            "description": "Symfony OptionsResolver Component",
            "homepage": "https://symfony.com",
            "keywords": [
                "config",
                "configuration",
                "options"
            ],
            "support": {
                "source": "https://github.com/symfony/options-resolver/tree/v5.2.0"
            },
            "funding": [
                {
                    "url": "https://symfony.com/sponsor",
                    "type": "custom"
                },
                {
                    "url": "https://github.com/fabpot",
                    "type": "github"
                },
                {
                    "url": "https://tidelift.com/funding/github/packagist/symfony/symfony",
                    "type": "tidelift"
                }
            ],
            "time": "2020-10-24T12:08:07+00:00"
        },
        {
            "name": "symfony/polyfill-ctype",
            "version": "dev-main",
            "source": {
                "type": "git",
                "url": "https://github.com/symfony/polyfill-ctype.git",
                "reference": "fade6deebd931cfd7a544f68479405a6a08979a3"
            },
            "dist": {
                "type": "zip",
                "url": "https://api.github.com/repos/symfony/polyfill-ctype/zipball/fade6deebd931cfd7a544f68479405a6a08979a3",
                "reference": "fade6deebd931cfd7a544f68479405a6a08979a3",
                "shasum": ""
            },
            "require": {
                "php": ">=7.1"
            },
            "suggest": {
                "ext-ctype": "For best performance"
            },
            "default-branch": true,
            "type": "library",
            "extra": {
                "branch-alias": {
                    "dev-main": "1.21-dev"
                },
                "thanks": {
                    "name": "symfony/polyfill",
                    "url": "https://github.com/symfony/polyfill"
                }
            },
            "autoload": {
                "psr-4": {
                    "Symfony\\Polyfill\\Ctype\\": ""
                },
                "files": [
                    "bootstrap.php"
                ]
            },
            "notification-url": "https://packagist.org/downloads/",
            "license": [
                "MIT"
            ],
            "authors": [
                {
                    "name": "Gert de Pagter",
                    "email": "BackEndTea@gmail.com"
                },
                {
                    "name": "Symfony Community",
                    "homepage": "https://symfony.com/contributors"
                }
            ],
            "description": "Symfony polyfill for ctype functions",
            "homepage": "https://symfony.com",
            "keywords": [
                "compatibility",
                "ctype",
                "polyfill",
                "portable"
            ],
            "support": {
                "source": "https://github.com/symfony/polyfill-ctype/tree/main"
            },
            "funding": [
                {
                    "url": "https://symfony.com/sponsor",
                    "type": "custom"
                },
                {
                    "url": "https://github.com/fabpot",
                    "type": "github"
                },
                {
                    "url": "https://tidelift.com/funding/github/packagist/symfony/symfony",
                    "type": "tidelift"
                }
            ],
            "time": "2020-10-26T13:35:45+00:00"
        },
        {
            "name": "symfony/polyfill-php73",
            "version": "dev-main",
            "source": {
                "type": "git",
                "url": "https://github.com/symfony/polyfill-php73.git",
                "reference": "8c0d39c1526009b97f43beea4cc685bbc353a70b"
            },
            "dist": {
                "type": "zip",
                "url": "https://api.github.com/repos/symfony/polyfill-php73/zipball/8c0d39c1526009b97f43beea4cc685bbc353a70b",
                "reference": "8c0d39c1526009b97f43beea4cc685bbc353a70b",
                "shasum": ""
            },
            "require": {
                "php": ">=7.1"
            },
            "default-branch": true,
            "type": "library",
            "extra": {
                "branch-alias": {
                    "dev-main": "1.21-dev"
                },
                "thanks": {
                    "name": "symfony/polyfill",
                    "url": "https://github.com/symfony/polyfill"
                }
            },
            "autoload": {
                "psr-4": {
                    "Symfony\\Polyfill\\Php73\\": ""
                },
                "files": [
                    "bootstrap.php"
                ],
                "classmap": [
                    "Resources/stubs"
                ]
            },
            "notification-url": "https://packagist.org/downloads/",
            "license": [
                "MIT"
            ],
            "authors": [
                {
                    "name": "Nicolas Grekas",
                    "email": "p@tchwork.com"
                },
                {
                    "name": "Symfony Community",
                    "homepage": "https://symfony.com/contributors"
                }
            ],
            "description": "Symfony polyfill backporting some PHP 7.3+ features to lower PHP versions",
            "homepage": "https://symfony.com",
            "keywords": [
                "compatibility",
                "polyfill",
                "portable",
                "shim"
            ],
            "support": {
                "source": "https://github.com/symfony/polyfill-php73/tree/main"
            },
            "funding": [
                {
                    "url": "https://symfony.com/sponsor",
                    "type": "custom"
                },
                {
                    "url": "https://github.com/fabpot",
                    "type": "github"
                },
                {
                    "url": "https://tidelift.com/funding/github/packagist/symfony/symfony",
                    "type": "tidelift"
                }
            ],
            "time": "2020-10-26T13:35:45+00:00"
        },
        {
            "name": "symfony/polyfill-php80",
            "version": "dev-main",
            "source": {
                "type": "git",
                "url": "https://github.com/symfony/polyfill-php80.git",
                "reference": "3a11f3dfb34ad50f978cb2b8cf936933b87739aa"
            },
            "dist": {
                "type": "zip",
                "url": "https://api.github.com/repos/symfony/polyfill-php80/zipball/3a11f3dfb34ad50f978cb2b8cf936933b87739aa",
                "reference": "3a11f3dfb34ad50f978cb2b8cf936933b87739aa",
                "shasum": ""
            },
            "require": {
                "php": ">=7.1"
            },
            "default-branch": true,
            "type": "library",
            "extra": {
                "branch-alias": {
                    "dev-main": "1.21-dev"
                },
                "thanks": {
                    "name": "symfony/polyfill",
                    "url": "https://github.com/symfony/polyfill"
                }
            },
            "autoload": {
                "psr-4": {
                    "Symfony\\Polyfill\\Php80\\": ""
                },
                "files": [
                    "bootstrap.php"
                ],
                "classmap": [
                    "Resources/stubs"
                ]
            },
            "notification-url": "https://packagist.org/downloads/",
            "license": [
                "MIT"
            ],
            "authors": [
                {
                    "name": "Ion Bazan",
                    "email": "ion.bazan@gmail.com"
                },
                {
                    "name": "Nicolas Grekas",
                    "email": "p@tchwork.com"
                },
                {
                    "name": "Symfony Community",
                    "homepage": "https://symfony.com/contributors"
                }
            ],
            "description": "Symfony polyfill backporting some PHP 8.0+ features to lower PHP versions",
            "homepage": "https://symfony.com",
            "keywords": [
                "compatibility",
                "polyfill",
                "portable",
                "shim"
            ],
            "support": {
                "source": "https://github.com/symfony/polyfill-php80/tree/main"
            },
            "funding": [
                {
                    "url": "https://symfony.com/sponsor",
                    "type": "custom"
                },
                {
                    "url": "https://github.com/fabpot",
                    "type": "github"
                },
                {
                    "url": "https://tidelift.com/funding/github/packagist/symfony/symfony",
                    "type": "tidelift"
                }
            ],
            "time": "2020-10-26T13:35:45+00:00"
        },
        {
            "name": "symfony/serializer",
            "version": "5.x-dev",
            "source": {
                "type": "git",
                "url": "https://github.com/symfony/serializer.git",
                "reference": "7e103d046719beecf4f8ff7f0bc4bad959eb8a09"
            },
            "dist": {
                "type": "zip",
                "url": "https://api.github.com/repos/symfony/serializer/zipball/7e103d046719beecf4f8ff7f0bc4bad959eb8a09",
                "reference": "7e103d046719beecf4f8ff7f0bc4bad959eb8a09",
                "shasum": ""
            },
            "require": {
                "php": ">=7.2.5",
                "symfony/polyfill-ctype": "~1.8",
                "symfony/polyfill-php80": "^1.15"
            },
            "conflict": {
                "phpdocumentor/type-resolver": "<0.2.1",
                "symfony/dependency-injection": "<4.4",
                "symfony/property-access": "<4.4",
                "symfony/property-info": "<4.4",
                "symfony/yaml": "<4.4"
            },
            "require-dev": {
                "doctrine/annotations": "~1.0",
                "doctrine/cache": "~1.0",
                "phpdocumentor/reflection-docblock": "^3.0|^4.0|^5.0",
                "symfony/cache": "^4.4|^5.0",
                "symfony/config": "^4.4|^5.0",
                "symfony/dependency-injection": "^4.4|^5.0",
                "symfony/error-handler": "^4.4|^5.0",
                "symfony/filesystem": "^4.4|^5.0",
                "symfony/form": "^4.4|^5.0",
                "symfony/http-foundation": "^4.4|^5.0",
                "symfony/http-kernel": "^4.4|^5.0",
                "symfony/mime": "^4.4|^5.0",
                "symfony/property-access": "^4.4|^5.0",
                "symfony/property-info": "^4.4|^5.0",
                "symfony/uid": "^5.1",
                "symfony/validator": "^4.4|^5.0",
                "symfony/var-exporter": "^4.4|^5.0",
                "symfony/yaml": "^4.4|^5.0"
            },
            "suggest": {
                "doctrine/annotations": "For using the annotation mapping. You will also need doctrine/cache.",
                "doctrine/cache": "For using the default cached annotation reader and metadata cache.",
                "psr/cache-implementation": "For using the metadata cache.",
                "symfony/config": "For using the XML mapping loader.",
                "symfony/mime": "For using a MIME type guesser within the DataUriNormalizer.",
                "symfony/property-access": "For using the ObjectNormalizer.",
                "symfony/property-info": "To deserialize relations.",
                "symfony/var-exporter": "For using the metadata compiler.",
                "symfony/yaml": "For using the default YAML mapping loader."
            },
            "default-branch": true,
            "type": "library",
            "autoload": {
                "psr-4": {
                    "Symfony\\Component\\Serializer\\": ""
                },
                "exclude-from-classmap": [
                    "/Tests/"
                ]
            },
            "notification-url": "https://packagist.org/downloads/",
            "license": [
                "MIT"
            ],
            "authors": [
                {
                    "name": "Fabien Potencier",
                    "email": "fabien@symfony.com"
                },
                {
                    "name": "Symfony Community",
                    "homepage": "https://symfony.com/contributors"
                }
            ],
            "description": "Symfony Serializer Component",
            "homepage": "https://symfony.com",
            "support": {
                "source": "https://github.com/symfony/serializer/tree/5.x"
            },
            "funding": [
                {
                    "url": "https://symfony.com/sponsor",
                    "type": "custom"
                },
                {
                    "url": "https://github.com/fabpot",
                    "type": "github"
                },
                {
                    "url": "https://tidelift.com/funding/github/packagist/symfony/symfony",
                    "type": "tidelift"
                }
            ],
            "time": "2020-12-10T13:01:49+00:00"
        }
    ],
    "packages-dev": [],
    "aliases": [],
    "minimum-stability": "dev",
    "stability-flags": {
        "heptacom-fixture/heptaconnect-portal-a": 20,
        "heptacom-fixture/heptaconnect-portal-extension-a": 20
    },
    "prefer-stable": false,
    "prefer-lowest": false,
    "platform": {
        "php": ">=7.4"
    },
    "platform-dev": [],
    "plugin-api-version": "2.0.0"
}
