{
    "_readme": [
        "This file locks the dependencies of your project to a known state",
        "Read more about it at https://getcomposer.org/doc/01-basic-usage.md#installing-dependencies",
        "This file is @generated automatically"
    ],
    "content-hash": "ab91ee1bf4e522b460f0838546f3c315",
    "packages": [
        {
            "name": "bentools/iterable-functions",
            "version": "dev-master",
            "source": {
                "type": "git",
                "url": "https://github.com/bpolaszek/php-iterable-functions.git",
                "reference": "ea52a3d06acc5841426e4dc041d05e8650d00de2"
            },
            "dist": {
                "type": "zip",
                "url": "https://api.github.com/repos/bpolaszek/php-iterable-functions/zipball/ea52a3d06acc5841426e4dc041d05e8650d00de2",
                "reference": "ea52a3d06acc5841426e4dc041d05e8650d00de2",
                "shasum": ""
            },
            "require": {
                "php": ">=5.3"
            },
            "require-dev": {
                "phpunit/phpunit": "^4.0|^5.0|^6.0|^7.0",
                "squizlabs/php_codesniffer": "^2.0|^3.4",
                "symfony/var-dumper": "@stable"
            },
            "type": "library",
            "autoload": {
                "psr-4": {
                    "BenTools\\IterableFunctions\\": "src"
                },
                "files": [
                    "src/iterable-functions.php"
                ]
            },
            "notification-url": "https://packagist.org/downloads/",
            "license": [
                "MIT"
            ],
            "description": "Provides functions for iterable variables: is_iterable(), iterable_to_array()",
            "time": "2020-05-01T07:50:30+00:00"
        },
        {
            "name": "heptacom-fixture/heptaconnect-portal-a",
            "version": "dev-master",
            "dist": {
                "type": "path",
                "url": "portal-package",
                "reference": "0f425e1a8fcd059b90ec34e4939e23b25294c36a"
            },
            "require": {
                "heptacom/heptaconnect-portal-base": ">=1",
                "php": ">=7.4"
            },
            "type": "library",
            "extra": {
                "heptaconnect": {
                    "portals": [
                        "HeptacomFixture\\Portal\\A\\Portal"
                    ]
                }
            },
            "autoload": {
                "psr-4": {
                    "HeptacomFixture\\Portal\\A\\": "src/"
                }
            },
            "description": "Fixture",
            "keywords": [
                "heptaconnect-portal",
                "other-fancy-keyword"
            ],
            "transport-options": {
                "relative": true
            }
        },
        {
            "name": "heptacom-fixture/heptaconnect-portal-extension-a",
            "version": "dev-master",
            "dist": {
                "type": "path",
                "url": "portal-package-extension",
                "reference": "2a0d93bb308d35e9cf20324035401157075d3721"
            },
            "require": {
                "heptacom/heptaconnect-portal-base": ">=1",
                "php": ">=7.4"
            },
            "type": "library",
            "extra": {
                "heptaconnect": {
                    "portalExtensions": [
                        "HeptacomFixture\\Portal\\Extension\\PortalExtension"
                    ]
                }
            },
            "autoload": {
                "psr-4": {
                    "HeptacomFixture\\Portal\\Extension\\": "src/"
                }
            },
            "description": "Fixture",
            "keywords": [
                "heptaconnect-portal-extension",
                "just-a-fancy-keyword"
            ],
            "transport-options": {
                "relative": true
            }
        },
        {
            "name": "heptacom/heptaconnect-dataset-base",
            "version": "dev-master",
            "dist": {
                "type": "path",
                "url": "../../../vendor/heptacom/heptaconnect-dataset-base",
                "reference": "aac7b4b51e9d379075ebdefad7dbe0fe9bddb4ab"
            },
            "require": {
                "bentools/iterable-functions": ">=1",
                "ext-json": "*",
                "php": ">=7.4"
            },
            "conflict": {
                "nikic/php-parser": "4.7.0"
            },
            "require-dev": {
                "friendsofphp/php-cs-fixer": ">=2",
                "icanhazstring/composer-unused": ">=0.7",
                "infection/infection": ">=0.15",
                "maglnet/composer-require-checker": ">=2",
                "phpstan/extension-installer": ">=1",
                "phpstan/phpstan": ">=0.12",
                "phpstan/phpstan-deprecation-rules": ">=0.12",
                "phpstan/phpstan-phpunit": ">=0.12",
                "phpstan/phpstan-strict-rules": ">=0.12",
                "phpunit/phpunit": ">=9.1 <10",
                "psalm/plugin-phpunit": ">=0.10",
                "vimeo/psalm": ">=3"
            },
            "type": "library",
            "extra": {
                "unused": [
                    "bentools/iterable-functions"
                ]
            },
            "autoload": {
                "psr-4": {
                    "Heptacom\\HeptaConnect\\Dataset\\Base\\": "src/"
                }
            },
            "autoload-dev": {
                "psr-4": {
                    "Heptacom\\HeptaConnect\\Dataset\\Base\\Test\\": "test/"
                }
            },
            "license": [
                "AGPL-3.0-or-later",
                "proprietary"
            ],
            "authors": [
                {
                    "name": "HEPTACOM GmbH"
                }
            ],
            "description": "HEPTAconnect base dataset that every other dataset is based on",
            "keywords": [
                "heptaconnect-dataset"
            ],
            "transport-options": {
                "relative": true
            }
        },
        {
            "name": "heptacom/heptaconnect-portal-base",
            "version": "dev-master",
            "dist": {
                "type": "path",
                "url": "../../../vendor/heptacom/heptaconnect-portal-base",
                "reference": "5fb2bb948d96fa6a3a1cfe7cce805634a62e1e28"
            },
            "require": {
                "bentools/iterable-functions": ">=1.4",
                "ext-json": "*",
                "heptacom/heptaconnect-dataset-base": "@dev",
                "php": ">=7.4",
                "php-http/discovery": "^1.0",
                "psr/http-factory": "^1.0",
                "psr/http-message": "^1.0",
                "symfony/options-resolver": ">=4"
            },
            "conflict": {
                "nikic/php-parser": "4.7.0"
            },
            "require-dev": {
                "friendsofphp/php-cs-fixer": ">=2",
                "icanhazstring/composer-unused": ">=0.7",
                "infection/infection": ">=0.15",
                "maglnet/composer-require-checker": ">=2",
                "nyholm/psr7": ">=1",
                "phpstan/extension-installer": ">=1",
                "phpstan/phpstan": ">=0.12",
                "phpstan/phpstan-deprecation-rules": ">=0.12",
                "phpstan/phpstan-phpunit": ">=0.12",
                "phpstan/phpstan-strict-rules": ">=0.12",
                "phpunit/phpunit": ">=9.1 <10",
                "psalm/plugin-phpunit": ">=0.10",
                "vimeo/psalm": ">=3"
            },
            "type": "library",
            "extra": {
                "unused": [
                    "bentools/iterable-functions",
                    "psr/http-client"
                ]
            },
            "autoload": {
                "psr-4": {
                    "Heptacom\\HeptaConnect\\Portal\\Base\\": "src/"
                }
            },
            "autoload-dev": {
                "psr-4": {
                    "Heptacom\\HeptaConnect\\Portal\\Base\\Test\\": "test/"
                }
            },
            "license": [
                "AGPL-3.0-or-later",
                "proprietary"
            ],
            "authors": [
                {
                    "name": "HEPTACOM GmbH"
                }
            ],
            "description": "HEPTAconnect base dataset that every other portal is based on",
            "keywords": [
                "heptaconnect-portal"
            ],
            "transport-options": {
                "relative": true
            }
        },
        {
            "name": "php-http/discovery",
            "version": "dev-master",
            "source": {
                "type": "git",
                "url": "https://github.com/php-http/discovery.git",
                "reference": "64a18cc891957e05d91910b3c717d6bd11fbede9"
            },
            "dist": {
                "type": "zip",
                "url": "https://api.github.com/repos/php-http/discovery/zipball/64a18cc891957e05d91910b3c717d6bd11fbede9",
                "reference": "64a18cc891957e05d91910b3c717d6bd11fbede9",
                "shasum": ""
            },
            "require": {
                "php": "^7.1 || ^8.0"
            },
            "conflict": {
                "nyholm/psr7": "<1.0"
            },
            "require-dev": {
                "graham-campbell/phpspec-skip-example-extension": "^5.0",
                "php-http/httplug": "^1.0 || ^2.0",
                "php-http/message-factory": "^1.0",
                "phpspec/phpspec": "^5.1 || ^6.1",
                "puli/composer-plugin": "1.0.0-beta10"
            },
            "suggest": {
                "php-http/message": "Allow to use Guzzle, Diactoros or Slim Framework factories",
                "puli/composer-plugin": "Sets up Puli which is recommended for Discovery to work. Check http://docs.php-http.org/en/latest/discovery.html for more details."
            },
            "type": "library",
            "extra": {
                "branch-alias": {
                    "dev-master": "1.9-dev"
                }
            },
            "autoload": {
                "psr-4": {
                    "Http\\Discovery\\": "src/"
                }
            },
            "notification-url": "https://packagist.org/downloads/",
            "license": [
                "MIT"
            ],
            "authors": [
                {
                    "name": "Márk Sági-Kazár",
                    "email": "mark.sagikazar@gmail.com"
                }
            ],
            "description": "Finds installed HTTPlug implementations and PSR-7 message factories",
            "homepage": "http://php-http.org",
            "keywords": [
                "adapter",
                "client",
                "discovery",
                "factory",
                "http",
                "message",
                "psr7"
            ],
            "time": "2020-07-13T15:44:45+00:00"
        },
        {
            "name": "psr/http-factory",
            "version": "dev-master",
            "source": {
                "type": "git",
                "url": "https://github.com/php-fig/http-factory.git",
                "reference": "1a2099a23a7bca67f13c0634723137a364a3ebf8"
            },
            "dist": {
                "type": "zip",
                "url": "https://api.github.com/repos/php-fig/http-factory/zipball/1a2099a23a7bca67f13c0634723137a364a3ebf8",
                "reference": "1a2099a23a7bca67f13c0634723137a364a3ebf8",
                "shasum": ""
            },
            "require": {
                "php": ">=7.0.0",
                "psr/http-message": "^1.0"
            },
            "type": "library",
            "extra": {
                "branch-alias": {
                    "dev-master": "1.0.x-dev"
                }
            },
            "autoload": {
                "psr-4": {
                    "Psr\\Http\\Message\\": "src/"
                }
            },
            "notification-url": "https://packagist.org/downloads/",
            "license": [
                "MIT"
            ],
            "authors": [
                {
                    "name": "PHP-FIG",
                    "homepage": "http://www.php-fig.org/"
                }
            ],
            "description": "Common interfaces for PSR-7 HTTP message factories",
            "keywords": [
                "factory",
                "http",
                "message",
                "psr",
                "psr-17",
                "psr-7",
                "request",
                "response"
            ],
            "time": "2019-12-29T01:52:41+00:00"
        },
        {
            "name": "psr/http-message",
            "version": "dev-master",
            "source": {
                "type": "git",
                "url": "https://github.com/php-fig/http-message.git",
                "reference": "efd67d1dc14a7ef4fc4e518e7dee91c271d524e4"
            },
            "dist": {
                "type": "zip",
                "url": "https://api.github.com/repos/php-fig/http-message/zipball/efd67d1dc14a7ef4fc4e518e7dee91c271d524e4",
                "reference": "efd67d1dc14a7ef4fc4e518e7dee91c271d524e4",
                "shasum": ""
            },
            "require": {
                "php": ">=5.3.0"
            },
            "type": "library",
            "extra": {
                "branch-alias": {
                    "dev-master": "1.0.x-dev"
                }
            },
            "autoload": {
                "psr-4": {
                    "Psr\\Http\\Message\\": "src/"
                }
            },
            "notification-url": "https://packagist.org/downloads/",
            "license": [
                "MIT"
            ],
            "authors": [
                {
                    "name": "PHP-FIG",
                    "homepage": "http://www.php-fig.org/"
                }
            ],
            "description": "Common interface for HTTP messages",
            "homepage": "https://github.com/php-fig/http-message",
            "keywords": [
                "http",
                "http-message",
                "psr",
                "psr-7",
                "request",
                "response"
            ],
            "time": "2019-08-29T13:16:46+00:00"
        },
        {
            "name": "symfony/deprecation-contracts",
            "version": "dev-master",
            "source": {
                "type": "git",
                "url": "https://github.com/symfony/deprecation-contracts.git",
                "reference": "5e20b83385a77593259c9f8beb2c43cd03b2ac14"
            },
            "dist": {
                "type": "zip",
                "url": "https://api.github.com/repos/symfony/deprecation-contracts/zipball/5e20b83385a77593259c9f8beb2c43cd03b2ac14",
                "reference": "5e20b83385a77593259c9f8beb2c43cd03b2ac14",
                "shasum": ""
            },
            "require": {
                "php": ">=7.1"
            },
            "type": "library",
            "extra": {
                "branch-alias": {
                    "dev-master": "2.1-dev"
                },
                "thanks": {
                    "name": "symfony/contracts",
                    "url": "https://github.com/symfony/contracts"
                }
            },
            "autoload": {
                "files": [
                    "function.php"
                ]
            },
            "notification-url": "https://packagist.org/downloads/",
            "license": [
                "MIT"
            ],
            "authors": [
                {
                    "name": "Nicolas Grekas",
                    "email": "p@tchwork.com"
                },
                {
                    "name": "Symfony Community",
                    "homepage": "https://symfony.com/contributors"
                }
            ],
            "description": "A generic function and convention to trigger deprecation notices",
            "homepage": "https://symfony.com",
            "funding": [
                {
                    "url": "https://symfony.com/sponsor",
                    "type": "custom"
                },
                {
                    "url": "https://github.com/fabpot",
                    "type": "github"
                },
                {
                    "url": "https://tidelift.com/funding/github/packagist/symfony/symfony",
                    "type": "tidelift"
                }
            ],
            "time": "2020-06-06T08:49:21+00:00"
        },
        {
            "name": "symfony/options-resolver",
            "version": "dev-master",
            "source": {
                "type": "git",
                "url": "https://github.com/symfony/options-resolver.git",
                "reference": "e25bc4baeaadc94b414256282b82f99521a9ac93"
            },
            "dist": {
                "type": "zip",
                "url": "https://api.github.com/repos/symfony/options-resolver/zipball/e25bc4baeaadc94b414256282b82f99521a9ac93",
                "reference": "e25bc4baeaadc94b414256282b82f99521a9ac93",
                "shasum": ""
            },
            "require": {
                "php": ">=7.2.5",
                "symfony/deprecation-contracts": "^2.1",
                "symfony/polyfill-php73": "~1.0",
                "symfony/polyfill-php80": "^1.15"
            },
            "type": "library",
            "extra": {
                "branch-alias": {
                    "dev-master": "5.2-dev"
                }
            },
            "autoload": {
                "psr-4": {
                    "Symfony\\Component\\OptionsResolver\\": ""
                },
                "exclude-from-classmap": [
                    "/Tests/"
                ]
            },
            "notification-url": "https://packagist.org/downloads/",
            "license": [
                "MIT"
            ],
            "authors": [
                {
                    "name": "Fabien Potencier",
                    "email": "fabien@symfony.com"
                },
                {
                    "name": "Symfony Community",
                    "homepage": "https://symfony.com/contributors"
                }
            ],
            "description": "Symfony OptionsResolver Component",
            "homepage": "https://symfony.com",
            "keywords": [
                "config",
                "configuration",
                "options"
            ],
            "funding": [
                {
                    "url": "https://symfony.com/sponsor",
                    "type": "custom"
                },
                {
                    "url": "https://github.com/fabpot",
                    "type": "github"
                },
                {
                    "url": "https://tidelift.com/funding/github/packagist/symfony/symfony",
                    "type": "tidelift"
                }
            ],
            "time": "2020-07-13T09:15:52+00:00"
        },
        {
            "name": "symfony/polyfill-php73",
            "version": "dev-master",
            "source": {
                "type": "git",
                "url": "https://github.com/symfony/polyfill-php73.git",
                "reference": "fffa1a52a023e782cdcc221d781fe1ec8f87fcca"
            },
            "dist": {
                "type": "zip",
                "url": "https://api.github.com/repos/symfony/polyfill-php73/zipball/fffa1a52a023e782cdcc221d781fe1ec8f87fcca",
                "reference": "fffa1a52a023e782cdcc221d781fe1ec8f87fcca",
                "shasum": ""
            },
            "require": {
                "php": ">=5.3.3"
            },
            "type": "library",
            "extra": {
                "branch-alias": {
                    "dev-master": "1.18-dev"
                },
                "thanks": {
                    "name": "symfony/polyfill",
                    "url": "https://github.com/symfony/polyfill"
                }
            },
            "autoload": {
                "psr-4": {
                    "Symfony\\Polyfill\\Php73\\": ""
                },
                "files": [
                    "bootstrap.php"
                ],
                "classmap": [
                    "Resources/stubs"
                ]
            },
            "notification-url": "https://packagist.org/downloads/",
            "license": [
                "MIT"
            ],
            "authors": [
                {
                    "name": "Nicolas Grekas",
                    "email": "p@tchwork.com"
                },
                {
                    "name": "Symfony Community",
                    "homepage": "https://symfony.com/contributors"
                }
            ],
            "description": "Symfony polyfill backporting some PHP 7.3+ features to lower PHP versions",
            "homepage": "https://symfony.com",
            "keywords": [
                "compatibility",
                "polyfill",
                "portable",
                "shim"
            ],
            "funding": [
                {
                    "url": "https://symfony.com/sponsor",
                    "type": "custom"
                },
                {
                    "url": "https://github.com/fabpot",
                    "type": "github"
                },
                {
                    "url": "https://tidelift.com/funding/github/packagist/symfony/symfony",
                    "type": "tidelift"
                }
            ],
            "time": "2020-07-14T12:35:20+00:00"
        },
        {
            "name": "symfony/polyfill-php80",
            "version": "dev-master",
            "source": {
                "type": "git",
                "url": "https://github.com/symfony/polyfill-php80.git",
                "reference": "d87d5766cbf48d72388a9f6b85f280c8ad51f981"
            },
            "dist": {
                "type": "zip",
                "url": "https://api.github.com/repos/symfony/polyfill-php80/zipball/d87d5766cbf48d72388a9f6b85f280c8ad51f981",
                "reference": "d87d5766cbf48d72388a9f6b85f280c8ad51f981",
                "shasum": ""
            },
            "require": {
                "php": ">=7.0.8"
            },
            "type": "library",
            "extra": {
                "branch-alias": {
                    "dev-master": "1.18-dev"
                },
                "thanks": {
                    "name": "symfony/polyfill",
                    "url": "https://github.com/symfony/polyfill"
                }
            },
            "autoload": {
                "psr-4": {
                    "Symfony\\Polyfill\\Php80\\": ""
                },
                "files": [
                    "bootstrap.php"
                ],
                "classmap": [
                    "Resources/stubs"
                ]
            },
            "notification-url": "https://packagist.org/downloads/",
            "license": [
                "MIT"
            ],
            "authors": [
                {
                    "name": "Ion Bazan",
                    "email": "ion.bazan@gmail.com"
                },
                {
                    "name": "Nicolas Grekas",
                    "email": "p@tchwork.com"
                },
                {
                    "name": "Symfony Community",
                    "homepage": "https://symfony.com/contributors"
                }
            ],
            "description": "Symfony polyfill backporting some PHP 8.0+ features to lower PHP versions",
            "homepage": "https://symfony.com",
            "keywords": [
                "compatibility",
                "polyfill",
                "portable",
                "shim"
            ],
            "funding": [
                {
                    "url": "https://symfony.com/sponsor",
                    "type": "custom"
                },
                {
                    "url": "https://github.com/fabpot",
                    "type": "github"
                },
                {
                    "url": "https://tidelift.com/funding/github/packagist/symfony/symfony",
                    "type": "tidelift"
                }
            ],
            "time": "2020-07-14T12:35:20+00:00"
        }
    ],
    "packages-dev": [],
    "aliases": [],
    "minimum-stability": "dev",
    "stability-flags": {
        "heptacom-fixture/heptaconnect-portal-a": 20,
        "heptacom-fixture/heptaconnect-portal-extension-a": 20
    },
    "prefer-stable": false,
    "prefer-lowest": false,
    "platform": {
        "php": ">=7.4"
    },
    "platform-dev": [],
    "plugin-api-version": "1.1.0"
}
